
Microsoft Visual Studio Solution File, Format Version 12.00
# Visual Studio Version 17
VisualStudioVersion = 17.0.31903.59
MinimumVisualStudioVersion = 10.0.40219.1
Project("{FAE04EC0-301F-11D3-BF4B-00C04F79EFBC}") = "MediaHelpers.MediaLengthWindowsLibrary", "MediaHelpers.MediaLengthWindowsLibrary.csproj", "{50221114-4C48-4CAA-97C2-C47A3BA9785B}"
EndProject
Global
	GlobalSection(SolutionConfigurationPlatforms) = preSolution
		Debug|Any CPU = Debug|Any CPU
		Release|Any CPU = Release|Any CPU
	EndGlobalSection
	GlobalSection(ProjectConfigurationPlatforms) = postSolution
		{50221114-4C48-4CAA-97C2-C47A3BA9785B}.Debug|Any CPU.ActiveCfg = Debug|Any CPU
		{50221114-4C48-4CAA-97C2-C47A3BA9785B}.Debug|Any CPU.Build.0 = Debug|Any CPU
		{50221114-4C48-4CAA-97C2-C47A3BA9785B}.Release|Any CPU.ActiveCfg = Release|Any CPU
		{50221114-4C48-4CAA-97C2-C47A3BA9785B}.Release|Any CPU.Build.0 = Release|Any CPU
	EndGlobalSection
	GlobalSection(SolutionProperties) = preSolution
		HideSolutionNode = FALSE
	EndGlobalSection
	GlobalSection(ExtensibilityGlobals) = postSolution
		SolutionGuid = {A6C1F15B-8E26-43D9-87B5-E5C0AE6D66A5}
	EndGlobalSection
EndGlobal
